PODS:
  - Brightcove-Player-SDK (4.1.7):
    - ReactiveCocoa (~> 2.1)
  - Brightcove-Player-SDK-FW (1.0.0):
    - Brightcove-Player-SDK (~> 4.1)
  - ReactiveCocoa (2.3):
    - ReactiveCocoa/UI
  - ReactiveCocoa/Core (2.3):
    - ReactiveCocoa/no-arc
  - ReactiveCocoa/no-arc (2.3)
  - ReactiveCocoa/UI (2.3):
    - ReactiveCocoa/Core

DEPENDENCIES:
  - Brightcove-Player-SDK (= 4.1.7)
  - Brightcove-Player-SDK-FW (= 1.0.0)

SPEC CHECKSUMS:
  Brightcove-Player-SDK: d9bbe66d83c31f3bf661cd321e372a62feccae5a
  Brightcove-Player-SDK-FW: a6bdd5d8616f471f3c3ea49b613304c796313b96
  ReactiveCocoa: dde7b11a14954edf789e7343b2c32e595caabd01

COCOAPODS: 0.32.1
